// !$*UTF8*$!
{
	archiveVersion = 1;
	classes = {
	};
	objectVersion = 56;
	objects = {

/* Begin PBXBuildFile section */
		B857DEFC2AB8701C00DC7A98 /* AppDelegate.swift in Sources */ = {isa = PBXBuildFile; fileRef = B857DEFB2AB8701C00DC7A98 /* AppDelegate.swift */; };
		B857DEFE2AB8701C00DC7A98 /* SceneDelegate.swift in Sources */ = {isa = PBXBuildFile; fileRef = B857DEFD2AB8701C00DC7A98 /* SceneDelegate.swift */; };
		B857DF002AB8701C00DC7A98 /* ViewController.swift in Sources */ = {isa = PBXBuildFile; fileRef = B857DEFF2AB8701C00DC7A98 /* ViewController.swift */; };
		B857DF032AB8701C00DC7A98 /* Main.storyboard in Resources */ = {isa = PBXBuildFile; fileRef = B857DF012AB8701C00DC7A98 /* Main.storyboard */; };
		B857DF052AB8701D00DC7A98 /* Assets.xcassets in Resources */ = {isa = PBXBuildFile; fileRef = B857DF042AB8701D00DC7A98 /* Assets.xcassets */; };
		B857DF082AB8701D00DC7A98 /* LaunchScreen.storyboard in Resources */ = {isa = PBXBuildFile; fileRef = B857DF062AB8701D00DC7A98 /* LaunchScreen.storyboard */; };
		B857DF132AB8701D00DC7A98 /* gpsEstudosTests.swift in Sources */ = {isa = PBXBuildFile; fileRef = B857DF122AB8701D00DC7A98 /* gpsEstudosTests.swift */; };
		B857DF1D2AB8701D00DC7A98 /* gpsEstudosUITests.swift in Sources */ = {isa = PBXBuildFile; fileRef = B857DF1C2AB8701D00DC7A98 /* gpsEstudosUITests.swift */; };
		B857DF1F2AB8701E00DC7A98 /* gpsEstudosUITestsLaunchTests.swift in Sources */ = {isa = PBXBuildFile; fileRef = B857DF1E2AB8701E00DC7A98 /* gpsEstudosUITestsLaunchTests.swift */; };
		B857DF2C2AB8704300DC7A98 /* LocationManager.swift in Sources */ = {isa = PBXBuildFile; fileRef = B857DF2B2AB8704300DC7A98 /* LocationManager.swift */; };
/* End PBXBuildFile section */

/* Begin PBXContainerItemProxy section */
		B857DF0F2AB8701D00DC7A98 /* PBXContainerItemProxy */ = {
			isa = PBXContainerItemProxy;
			containerPortal = B857DEF02AB8701C00DC7A98 /* Project object */;
			proxyType = 1;
			remoteGlobalIDString = B857DEF72AB8701C00DC7A98;
			remoteInfo = gpsEstudos;
		};
		B857DF192AB8701D00DC7A98 /* PBXContainerItemProxy */ = {
			isa = PBXContainerItemProxy;
			containerPortal = B857DEF02AB8701C00DC7A98 /* Project object */;
			proxyType = 1;
			remoteGlobalIDString = B857DEF72AB8701C00DC7A98;
			remoteInfo = gpsEstudos;
		};
/* End PBXContainerItemProxy section */

/* Begin PBXFileReference section */
		B857DEF82AB8701C00DC7A98 /* gpsEstudos.app */ = {isa = PBXFileReference; explicitFileType = wrapper.application; includeInIndex = 0; path = gpsEstudos.app; sourceTree = BUILT_PRODUCTS_DIR; };
		B857DEFB2AB8701C00DC7A98 /* AppDelegate.swift */ = {isa = PBXFileReference; lastKnownFileType = sourcecode.swift; path = AppDelegate.swift; sourceTree = "<group>"; };
		B857DEFD2AB8701C00DC7A98 /* SceneDelegate.swift */ = {isa = PBXFileReference; lastKnownFileType = sourcecode.swift; path = SceneDelegate.swift; sourceTree = "<group>"; };
		B857DEFF2AB8701C00DC7A98 /* ViewController.swift */ = {isa = PBXFileReference; lastKnownFileType = sourcecode.swift; path = ViewController.swift; sourceTree = "<group>"; };
		B857DF022AB8701C00DC7A98 /* Base */ = {isa = PBXFileReference; lastKnownFileType = file.storyboard; name = Base; path = Base.lproj/Main.storyboard; sourceTree = "<group>"; };
		B857DF042AB8701D00DC7A98 /* Assets.xcassets */ = {isa = PBXFileReference; lastKnownFileType = folder.assetcatalog; path = Assets.xcassets; sourceTree = "<group>"; };
		B857DF072AB8701D00DC7A98 /* Base */ = {isa = PBXFileReference; lastKnownFileType = file.storyboard; name = Base; path = Base.lproj/LaunchScreen.storyboard; sourceTree = "<group>"; };
		B857DF092AB8701D00DC7A98 /* Info.plist */ = {isa = PBXFileReference; lastKnownFileType = text.plist.xml; path = Info.plist; sourceTree = "<group>"; };
		B857DF0E2AB8701D00DC7A98 /* gpsEstudosTests.xctest */ = {isa = PBXFileReference; explicitFileType = wrapper.cfbundle; includeInIndex = 0; path = gpsEstudosTests.xctest; sourceTree = BUILT_PRODUCTS_DIR; };
		B857DF122AB8701D00DC7A98 /* gpsEstudosTests.swift */ = {isa = PBXFileReference; lastKnownFileType = sourcecode.swift; path = gpsEstudosTests.swift; sourceTree = "<group>"; };
		B857DF182AB8701D00DC7A98 /* gpsEstudosUITests.xctest */ = {isa = PBXFileReference; explicitFileType = wrapper.cfbundle; includeInIndex = 0; path = gpsEstudosUITests.xctest; sourceTree = BUILT_PRODUCTS_DIR; };
		B857DF1C2AB8701D00DC7A98 /* gpsEstudosUITests.swift */ = {isa = PBXFileReference; lastKnownFileType = sourcecode.swift; path = gpsEstudosUITests.swift; sourceTree = "<group>"; };
		B857DF1E2AB8701E00DC7A98 /* gpsEstudosUITestsLaunchTests.swift */ = {isa = PBXFileReference; lastKnownFileType = sourcecode.swift; path = gpsEstudosUITestsLaunchTests.swift; sourceTree = "<group>"; };
		B857DF2B2AB8704300DC7A98 /* LocationManager.swift */ = {isa = PBXFileReference; lastKnownFileType = sourcecode.swift; path = LocationManager.swift; sourceTree = "<group>"; };
/* End PBXFileReference section */

/* Begin PBXFrameworksBuildPhase section */
		B857DEF52AB8701C00DC7A98 /* Frameworks */ = {
			isa = PBXFrameworksBuildPhase;
			buildActionMask = 2147483647;
			files = (
			);
			runOnlyForDeploymentPostprocessing = 0;
		};
		B857DF0B2AB8701D00DC7A98 /* Frameworks */ = {
			isa = PBXFrameworksBuildPhase;
			buildActionMask = 2147483647;
			files = (
			);
			runOnlyForDeploymentPostprocessing = 0;
		};
		B857DF152AB8701D00DC7A98 /* Frameworks */ = {
			isa = PBXFrameworksBuildPhase;
			buildActionMask = 2147483647;
			files = (
			);
			runOnlyForDeploymentPostprocessing = 0;
		};
/* End PBXFrameworksBuildPhase section */

/* Begin PBXGroup section */
		B857DEEF2AB8701C00DC7A98 = {
			isa = PBXGroup;
			children = (
				B857DEFA2AB8701C00DC7A98 /* gpsEstudos */,
				B857DF112AB8701D00DC7A98 /* gpsEstudosTests */,
				B857DF1B2AB8701D00DC7A98 /* gpsEstudosUITests */,
				B857DEF92AB8701C00DC7A98 /* Products */,
			);
			sourceTree = "<group>";
		};
		B857DEF92AB8701C00DC7A98 /* Products */ = {
			isa = PBXGroup;
			children = (
				B857DEF82AB8701C00DC7A98 /* gpsEstudos.app */,
				B857DF0E2AB8701D00DC7A98 /* gpsEstudosTests.xctest */,
				B857DF182AB8701D00DC7A98 /* gpsEstudosUITests.xctest */,
			);
			name = Products;
			sourceTree = "<group>";
		};
		B857DEFA2AB8701C00DC7A98 /* gpsEstudos */ = {
			isa = PBXGroup;
			children = (
				B857DEFB2AB8701C00DC7A98 /* AppDelegate.swift */,
				B857DEFD2AB8701C00DC7A98 /* SceneDelegate.swift */,
				B857DEFF2AB8701C00DC7A98 /* ViewController.swift */,
				B857DF2B2AB8704300DC7A98 /* LocationManager.swift */,
				B857DF012AB8701C00DC7A98 /* Main.storyboard */,
				B857DF042AB8701D00DC7A98 /* Assets.xcassets */,
				B857DF062AB8701D00DC7A98 /* LaunchScreen.storyboard */,
				B857DF092AB8701D00DC7A98 /* Info.plist */,
			);
			path = gpsEstudos;
			sourceTree = "<group>";
		};
		B857DF112AB8701D00DC7A98 /* gpsEstudosTests */ = {
			isa = PBXGroup;
			children = (
				B857DF122AB8701D00DC7A98 /* gpsEstudosTests.swift */,
			);
			path = gpsEstudosTests;
			sourceTree = "<group>";
		};
		B857DF1B2AB8701D00DC7A98 /* gpsEstudosUITests */ = {
			isa = PBXGroup;
			children = (
				B857DF1C2AB8701D00DC7A98 /* gpsEstudosUITests.swift */,
				B857DF1E2AB8701E00DC7A98 /* gpsEstudosUITestsLaunchTests.swift */,
			);
			path = gpsEstudosUITests;
			sourceTree = "<group>";
		};
/* End PBXGroup section */

/* Begin PBXNativeTarget section */
		B857DEF72AB8701C00DC7A98 /* gpsEstudos */ = {
			isa = PBXNativeTarget;
			buildConfigurationList = B857DF222AB8701E00DC7A98 /* Build configuration list for PBXNativeTarget "gpsEstudos" */;
			buildPhases = (
				B857DEF42AB8701C00DC7A98 /* Sources */,
				B857DEF52AB8701C00DC7A98 /* Frameworks */,
				B857DEF62AB8701C00DC7A98 /* Resources */,
			);
			buildRules = (
			);
			dependencies = (
			);
			name = gpsEstudos;
			productName = gpsEstudos;
			productReference = B857DEF82AB8701C00DC7A98 /* gpsEstudos.app */;
			productType = "com.apple.product-type.application";
		};
		B857DF0D2AB8701D00DC7A98 /* gpsEstudosTests */ = {
			isa = PBXNativeTarget;
			buildConfigurationList = B857DF252AB8701E00DC7A98 /* Build configuration list for PBXNativeTarget "gpsEstudosTests" */;
			buildPhases = (
				B857DF0A2AB8701D00DC7A98 /* Sources */,
				B857DF0B2AB8701D00DC7A98 /* Frameworks */,
				B857DF0C2AB8701D00DC7A98 /* Resources */,
			);
			buildRules = (
			);
			dependencies = (
				B857DF102AB8701D00DC7A98 /* PBXTargetDependency */,
			);
			name = gpsEstudosTests;
			productName = gpsEstudosTests;
			productReference = B857DF0E2AB8701D00DC7A98 /* gpsEstudosTests.xctest */;
			productType = "com.apple.product-type.bundle.unit-test";
		};
		B857DF172AB8701D00DC7A98 /* gpsEstudosUITests */ = {
			isa = PBXNativeTarget;
			buildConfigurationList = B857DF282AB8701E00DC7A98 /* Build configuration list for PBXNativeTarget "gpsEstudosUITests" */;
			buildPhases = (
				B857DF142AB8701D00DC7A98 /* Sources */,
				B857DF152AB8701D00DC7A98 /* Frameworks */,
				B857DF162AB8701D00DC7A98 /* Resources */,
			);
			buildRules = (
			);
			dependencies = (
				B857DF1A2AB8701D00DC7A98 /* PBXTargetDependency */,
			);
			name = gpsEstudosUITests;
			productName = gpsEstudosUITests;
			productReference = B857DF182AB8701D00DC7A98 /* gpsEstudosUITests.xctest */;
			productType = "com.apple.product-type.bundle.ui-testing";
		};
/* End PBXNativeTarget section */

/* Begin PBXProject section */
		B857DEF02AB8701C00DC7A98 /* Project object */ = {
			isa = PBXProject;
			attributes = {
				BuildIndependentTargetsInParallel = 1;
				LastSwiftUpdateCheck = 1420;
				LastUpgradeCheck = 1420;
				TargetAttributes = {
					B857DEF72AB8701C00DC7A98 = {
						CreatedOnToolsVersion = 14.2;
					};
					B857DF0D2AB8701D00DC7A98 = {
						CreatedOnToolsVersion = 14.2;
						TestTargetID = B857DEF72AB8701C00DC7A98;
					};
					B857DF172AB8701D00DC7A98 = {
						CreatedOnToolsVersion = 14.2;
						TestTargetID = B857DEF72AB8701C00DC7A98;
					};
				};
			};
			buildConfigurationList = B857DEF32AB8701C00DC7A98 /* Build configuration list for PBXProject "gpsEstudos" */;
			compatibilityVersion = "Xcode 14.0";
			developmentRegion = en;
			hasScannedForEncodings = 0;
			knownRegions = (
				en,
				Base,
			);
			mainGroup = B857DEEF2AB8701C00DC7A98;
			productRefGroup = B857DEF92AB8701C00DC7A98 /* Products */;
			projectDirPath = "";
			projectRoot = "";
			targets = (
				B857DEF72AB8701C00DC7A98 /* gpsEstudos */,
				B857DF0D2AB8701D00DC7A98 /* gpsEstudosTests */,
				B857DF172AB8701D00DC7A98 /* gpsEstudosUITests */,
			);
		};
/* End PBXProject section */

/* Begin PBXResourcesBuildPhase section */
		B857DEF62AB8701C00DC7A98 /* Resources */ = {
			isa = PBXResourcesBuildPhase;
			buildActionMask = 2147483647;
			files = (
				B857DF082AB8701D00DC7A98 /* LaunchScreen.storyboard in Resources */,
				B857DF052AB8701D00DC7A98 /* Assets.xcassets in Resources */,
				B857DF032AB8701C00DC7A98 /* Main.storyboard in Resources */,
			);
			runOnlyForDeploymentPostprocessing = 0;
		};
		B857DF0C2AB8701D00DC7A98 /* Resources */ = {
			isa = PBXResourcesBuildPhase;
			buildActionMask = 2147483647;
			files = (
			);
			runOnlyForDeploymentPostprocessing = 0;
		};
		B857DF162AB8701D00DC7A98 /* Resources */ = {
			isa = PBXResourcesBuildPhase;
			buildActionMask = 2147483647;
			files = (
			);
			runOnlyForDeploymentPostprocessing = 0;
		};
/* End PBXResourcesBuildPhase section */

/* Begin PBXSourcesBuildPhase section */
		B857DEF42AB8701C00DC7A98 /* Sources */ = {
			isa = PBXSourcesBuildPhase;
			buildActionMask = 2147483647;
			files = (
				B857DF2C2AB8704300DC7A98 /* LocationManager.swift in Sources */,
				B857DF002AB8701C00DC7A98 /* ViewController.swift in Sources */,
				B857DEFC2AB8701C00DC7A98 /* AppDelegate.swift in Sources */,
				B857DEFE2AB8701C00DC7A98 /* SceneDelegate.swift in Sources */,
			);
			runOnlyForDeploymentPostprocessing = 0;
		};
		B857DF0A2AB8701D00DC7A98 /* Sources */ = {
			isa = PBXSourcesBuildPhase;
			buildActionMask = 2147483647;
			files = (
				B857DF132AB8701D00DC7A98 /* gpsEstudosTests.swift in Sources */,
			);
			runOnlyForDeploymentPostprocessing = 0;
		};
		B857DF142AB8701D00DC7A98 /* Sources */ = {
			isa = PBXSourcesBuildPhase;
			buildActionMask = 2147483647;
			files = (
				B857DF1D2AB8701D00DC7A98 /* gpsEstudosUITests.swift in Sources */,
				B857DF1F2AB8701E00DC7A98 /* gpsEstudosUITestsLaunchTests.swift in Sources */,
			);
			runOnlyForDeploymentPostprocessing = 0;
		};
/* End PBXSourcesBuildPhase section */

/* Begin PBXTargetDependency section */
		B857DF102AB8701D00DC7A98 /* PBXTargetDependency */ = {
			isa = PBXTargetDependency;
			target = B857DEF72AB8701C00DC7A98 /* gpsEstudos */;
			targetProxy = B857DF0F2AB8701D00DC7A98 /* PBXContainerItemProxy */;
		};
		B857DF1A2AB8701D00DC7A98 /* PBXTargetDependency */ = {
			isa = PBXTargetDependency;
			target = B857DEF72AB8701C00DC7A98 /* gpsEstudos */;
			targetProxy = B857DF192AB8701D00DC7A98 /* PBXContainerItemProxy */;
		};
/* End PBXTargetDependency section */

/* Begin PBXVariantGroup section */
		B857DF012AB8701C00DC7A98 /* Main.storyboard */ = {
			isa = PBXVariantGroup;
			children = (
				B857DF022AB8701C00DC7A98 /* Base */,
			);
			name = Main.storyboard;
			sourceTree = "<group>";
		};
		B857DF062AB8701D00DC7A98 /* LaunchScreen.storyboard */ = {
			isa = PBXVariantGroup;
			children = (
				B857DF072AB8701D00DC7A98 /* Base */,
			);
			name = LaunchScreen.storyboard;
			sourceTree = "<group>";
		};
/* End PBXVariantGroup section */

/* Begin XCBuildConfiguration section */
		B857DF202AB8701E00DC7A98 /* Debug */ = {
			isa = XCBuildConfiguration;
			buildSettings = {
				ALWAYS_SEARCH_USER_PATHS = NO;
				CLANG_ANALYZER_NONNULL = YES;
				CLANG_ANALYZER_NUMBER_OBJECT_CONVERSION = YES_AGGRESSIVE;
				CLANG_CXX_LANGUAGE_STANDARD = "gnu++20";
				CLANG_ENABLE_MODULES = YES;
				CLANG_ENABLE_OBJC_ARC = YES;
				CLANG_ENABLE_OBJC_WEAK = YES;
				CLANG_WARN_BLOCK_CAPTURE_AUTORELEASING = YES;
				CLANG_WARN_BOOL_CONVERSION = YES;
				CLANG_WARN_COMMA = YES;
				CLANG_WARN_CONSTANT_CONVERSION = YES;
				CLANG_WARN_DEPRECATED_OBJC_IMPLEMENTATIONS = YES;
				CLANG_WARN_DIRECT_OBJC_ISA_USAGE = YES_ERROR;
				CLANG_WARN_DOCUMENTATION_COMMENTS = YES;
				CLANG_WARN_EMPTY_BODY = YES;
				CLANG_WARN_ENUM_CONVERSION = YES;
				CLANG_WARN_INFINITE_RECURSION = YES;
				CLANG_WARN_INT_CONVERSION = YES;
				CLANG_WARN_NON_LITERAL_NULL_CONVERSION = YES;
				CLANG_WARN_OBJC_IMPLICIT_RETAIN_SELF = YES;
				CLANG_WARN_OBJC_LITERAL_CONVERSION = YES;
				CLANG_WARN_OBJC_ROOT_CLASS = YES_ERROR;
				CLANG_WARN_QUOTED_INCLUDE_IN_FRAMEWORK_HEADER = YES;
				CLANG_WARN_RANGE_LOOP_ANALYSIS = YES;
				CLANG_WARN_STRICT_PROTOTYPES = YES;
				CLANG_WARN_SUSPICIOUS_MOVE = YES;
				CLANG_WARN_UNGUARDED_AVAILABILITY = YES_AGGRESSIVE;
				CLANG_WARN_UNREACHABLE_CODE = YES;
				CLANG_WARN__DUPLICATE_METHOD_MATCH = YES;
				COPY_PHASE_STRIP = NO;
				DEBUG_INFORMATION_FORMAT = dwarf;
				ENABLE_STRICT_OBJC_MSGSEND = YES;
				ENABLE_TESTABILITY = YES;
				GCC_C_LANGUAGE_STANDARD = gnu11;
				GCC_DYNAMIC_NO_PIC = NO;
				GCC_NO_COMMON_BLOCKS = YES;
				GCC_OPTIMIZATION_LEVEL = 0;
				GCC_PREPROCESSOR_DEFINITIONS = (
					"DEBUG=1",
					"$(inherited)",
				);
				GCC_WARN_64_TO_32_BIT_CONVERSION = YES;
				GCC_WARN_ABOUT_RETURN_TYPE = YES_ERROR;
				GCC_WARN_UNDECLARED_SELECTOR = YES;
				GCC_WARN_UNINITIALIZED_AUTOS = YES_AGGRESSIVE;
				GCC_WARN_UNUSED_FUNCTION = YES;
				GCC_WARN_UNUSED_VARIABLE = YES;
				IPHONEOS_DEPLOYMENT_TARGET = 16.2;
				MTL_ENABLE_DEBUG_INFO = INCLUDE_SOURCE;
				MTL_FAST_MATH = YES;
				ONLY_ACTIVE_ARCH = YES;
				SDKROOT = iphoneos;
				SWIFT_ACTIVE_COMPILATION_CONDITIONS = DEBUG;
				SWIFT_OPTIMIZATION_LEVEL = "-Onone";
			};
			name = Debug;
		};
		B857DF212AB8701E00DC7A98 /* Release */ = {
			isa = XCBuildConfiguration;
			buildSettings = {
				ALWAYS_SEARCH_USER_PATHS = NO;
				CLANG_ANALYZER_NONNULL = YES;
				CLANG_ANALYZER_NUMBER_OBJECT_CONVERSION = YES_AGGRESSIVE;
				CLANG_CXX_LANGUAGE_STANDARD = "gnu++20";
				CLANG_ENABLE_MODULES = YES;
				CLANG_ENABLE_OBJC_ARC = YES;
				CLANG_ENABLE_OBJC_WEAK = YES;
				CLANG_WARN_BLOCK_CAPTURE_AUTORELEASING = YES;
				CLANG_WARN_BOOL_CONVERSION = YES;
				CLANG_WARN_COMMA = YES;
				CLANG_WARN_CONSTANT_CONVERSION = YES;
				CLANG_WARN_DEPRECATED_OBJC_IMPLEMENTATIONS = YES;
				CLANG_WARN_DIRECT_OBJC_ISA_USAGE = YES_ERROR;
				CLANG_WARN_DOCUMENTATION_COMMENTS = YES;
				CLANG_WARN_EMPTY_BODY = YES;
				CLANG_WARN_ENUM_CONVERSION = YES;
				CLANG_WARN_INFINITE_RECURSION = YES;
				CLANG_WARN_INT_CONVERSION = YES;
				CLANG_WARN_NON_LITERAL_NULL_CONVERSION = YES;
				CLANG_WARN_OBJC_IMPLICIT_RETAIN_SELF = YES;
				CLANG_WARN_OBJC_LITERAL_CONVERSION = YES;
				CLANG_WARN_OBJC_ROOT_CLASS = YES_ERROR;
				CLANG_WARN_QUOTED_INCLUDE_IN_FRAMEWORK_HEADER = YES;
				CLANG_WARN_RANGE_LOOP_ANALYSIS = YES;
				CLANG_WARN_STRICT_PROTOTYPES = YES;
				CLANG_WARN_SUSPICIOUS_MOVE = YES;
				CLANG_WARN_UNGUARDED_AVAILABILITY = YES_AGGRESSIVE;
				CLANG_WARN_UNREACHABLE_CODE = YES;
				CLANG_WARN__DUPLICATE_METHOD_MATCH = YES;
				COPY_PHASE_STRIP = NO;
				DEBUG_INFORMATION_FORMAT = "dwarf-with-dsym";
				ENABLE_NS_ASSERTIONS = NO;
				ENABLE_STRICT_OBJC_MSGSEND = YES;
				GCC_C_LANGUAGE_STANDARD = gnu11;
				GCC_NO_COMMON_BLOCKS = YES;
				GCC_WARN_64_TO_32_BIT_CONVERSION = YES;
				GCC_WARN_ABOUT_RETURN_TYPE = YES_ERROR;
				GCC_WARN_UNDECLARED_SELECTOR = YES;
				GCC_WARN_UNINITIALIZED_AUTOS = YES_AGGRESSIVE;
				GCC_WARN_UNUSED_FUNCTION = YES;
				GCC_WARN_UNUSED_VARIABLE = YES;
				IPHONEOS_DEPLOYMENT_TARGET = 16.2;
				MTL_ENABLE_DEBUG_INFO = NO;
				MTL_FAST_MATH = YES;
				SDKROOT = iphoneos;
				SWIFT_COMPILATION_MODE = wholemodule;
				SWIFT_OPTIMIZATION_LEVEL = "-O";
				VALIDATE_PRODUCT = YES;
			};
			name = Release;
		};
		B857DF232AB8701E00DC7A98 /* Debug */ = {
			isa = XCBuildConfiguration;
			buildSettings = {
				ASSETCATALOG_COMPILER_APPICON_NAME = AppIcon;
				ASSETCATALOG_COMPILER_GLOBAL_ACCENT_COLOR_NAME = AccentColor;
				CODE_SIGN_STYLE = Automatic;
				CURRENT_PROJECT_VERSION = 1;
				DEVELOPMENT_TEAM = 62H27YLN54;
				GENERATE_INFOPLIST_FILE = YES;
				INFOPLIST_FILE = gpsEstudos/Info.plist;
				INFOPLIST_KEY_UIApplicationSupportsIndirectInputEvents = YES;
				INFOPLIST_KEY_UILaunchStoryboardName = LaunchScreen;
				INFOPLIST_KEY_UIMainStoryboardFile = Main;
				INFOPLIST_KEY_UISupportedInterfaceOrientations_iPad = "UIInterfaceOrientationPortrait UIInterfaceOrientationPortraitUpsideDown UIInterfaceOrientationLandscapeLeft UIInterfaceOrientationLandscapeRight";
				INFOPLIST_KEY_UISupportedInterfaceOrientations_iPhone = "UIInterfaceOrientationPortrait UIInterfaceOrientationLandscapeLeft UIInterfaceOrientationLandscapeRight";
				LD_RUNPATH_SEARCH_PATHS = (
					"$(inherited)",
					"@executable_path/Frameworks",
				);
				MARKETING_VERSION = 1.0;
				PRODUCT_BUNDLE_IDENTIFIER = gabrielBarbosa.gpsEstudos;
				PRODUCT_NAME = "$(TARGET_NAME)";
				SWIFT_EMIT_LOC_STRINGS = YES;
				SWIFT_VERSION = 5.0;
				TARGETED_DEVICE_FAMILY = "1,2";
			};
			name = Debug;
		};
		B857DF242AB8701E00DC7A98 /* Release */ = {
			isa = XCBuildConfiguration;
			buildSettings = {
				ASSETCATALOG_COMPILER_APPICON_NAME = AppIcon;
				ASSETCATALOG_COMPILER_GLOBAL_ACCENT_COLOR_NAME = AccentColor;
				CODE_SIGN_STYLE = Automatic;
				CURRENT_PROJECT_VERSION = 1;
				DEVELOPMENT_TEAM = 62H27YLN54;
				GENERATE_INFOPLIST_FILE = YES;
				INFOPLIST_FILE = gpsEstudos/Info.plist;
				INFOPLIST_KEY_UIApplicationSupportsIndirectInputEvents = YES;
				INFOPLIST_KEY_UILaunchStoryboardName = LaunchScreen;
				INFOPLIST_KEY_UIMainStoryboardFile = Main;
				INFOPLIST_KEY_UISupportedInterfaceOrientations_iPad = "UIInterfaceOrientationPortrait UIInterfaceOrientationPortraitUpsideDown UIInterfaceOrientationLandscapeLeft UIInterfaceOrientationLandscapeRight";
				INFOPLIST_KEY_UISupportedInterfaceOrientations_iPhone = "UIInterfaceOrientationPortrait UIInterfaceOrientationLandscapeLeft UIInterfaceOrientationLandscapeRight";
				LD_RUNPATH_SEARCH_PATHS = (
					"$(inherited)",
					"@executable_path/Frameworks",
				);
				MARKETING_VERSION = 1.0;
				PRODUCT_BUNDLE_IDENTIFIER = gabrielBarbosa.gpsEstudos;
				PRODUCT_NAME = "$(TARGET_NAME)";
				SWIFT_EMIT_LOC_STRINGS = YES;
				SWIFT_VERSION = 5.0;
				TARGETED_DEVICE_FAMILY = "1,2";
			};
			name = Release;
		};
		B857DF262AB8701E00DC7A98 /* Debug */ = {
			isa = XCBuildConfiguration;
			buildSettings = {
				ALWAYS_EMBED_SWIFT_STANDARD_LIBRARIES = YES;
				BUNDLE_LOADER = "$(TEST_HOST)";
				CODE_SIGN_STYLE = Automatic;
				CURRENT_PROJECT_VERSION = 1;
				DEVELOPMENT_TEAM = 62H27YLN54;
				GENERATE_INFOPLIST_FILE = YES;
				IPHONEOS_DEPLOYMENT_TARGET = 16.2;
				MARKETING_VERSION = 1.0;
				PRODUCT_BUNDLE_IDENTIFIER = gabrielBarbosa.gpsEstudosTests;
				PRODUCT_NAME = "$(TARGET_NAME)";
				SWIFT_EMIT_LOC_STRINGS = NO;
				SWIFT_VERSION = 5.0;
				TARGETED_DEVICE_FAMILY = "1,2";
				TEST_HOST = "$(BUILT_PRODUCTS_DIR)/gpsEstudos.app/$(BUNDLE_EXECUTABLE_FOLDER_PATH)/gpsEstudos";
			};
			name = Debug;
		};
		B857DF272AB8701E00DC7A98 /* Release */ = {
			isa = XCBuildConfiguration;
			buildSettings = {
				ALWAYS_EMBED_SWIFT_STANDARD_LIBRARIES = YES;
				BUNDLE_LOADER = "$(TEST_HOST)";
				CODE_SIGN_STYLE = Automatic;
				CURRENT_PROJECT_VERSION = 1;
				DEVELOPMENT_TEAM = 62H27YLN54;
				GENERATE_INFOPLIST_FILE = YES;
				IPHONEOS_DEPLOYMENT_TARGET = 16.2;
				MARKETING_VERSION = 1.0;
				PRODUCT_BUNDLE_IDENTIFIER = gabrielBarbosa.gpsEstudosTests;
				PRODUCT_NAME = "$(TARGET_NAME)";
				SWIFT_EMIT_LOC_STRINGS = NO;
				SWIFT_VERSION = 5.0;
				TARGETED_DEVICE_FAMILY = "1,2";
				TEST_HOST = "$(BUILT_PRODUCTS_DIR)/gpsEstudos.app/$(BUNDLE_EXECUTABLE_FOLDER_PATH)/gpsEstudos";
			};
			name = Release;
		};
		B857DF292AB8701E00DC7A98 /* Debug */ = {
			isa = XCBuildConfiguration;
			buildSettings = {
				ALWAYS_EMBED_SWIFT_STANDARD_LIBRARIES = YES;
				CODE_SIGN_STYLE = Automatic;
				CURRENT_PROJECT_VERSION = 1;
				DEVELOPMENT_TEAM = 62H27YLN54;
				GENERATE_INFOPLIST_FILE = YES;
				MARKETING_VERSION = 1.0;
				PRODUCT_BUNDLE_IDENTIFIER = gabrielBarbosa.gpsEstudosUITests;
				PRODUCT_NAME = "$(TARGET_NAME)";
				SWIFT_EMIT_LOC_STRINGS = NO;
				SWIFT_VERSION = 5.0;
				TARGETED_DEVICE_FAMILY = "1,2";
				TEST_TARGET_NAME = gpsEstudos;
			};
			name = Debug;
		};
		B857DF2A2AB8701E00DC7A98 /* Release */ = {
			isa = XCBuildConfiguration;
			buildSettings = {
				ALWAYS_EMBED_SWIFT_STANDARD_LIBRARIES = YES;
				CODE_SIGN_STYLE = Automatic;
				CURRENT_PROJECT_VERSION = 1;
				DEVELOPMENT_TEAM = 62H27YLN54;
				GENERATE_INFOPLIST_FILE = YES;
				MARKETING_VERSION = 1.0;
				PRODUCT_BUNDLE_IDENTIFIER = gabrielBarbosa.gpsEstudosUITests;
				PRODUCT_NAME = "$(TARGET_NAME)";
				SWIFT_EMIT_LOC_STRINGS = NO;
				SWIFT_VERSION = 5.0;
				TARGETED_DEVICE_FAMILY = "1,2";
				TEST_TARGET_NAME = gpsEstudos;
			};
			name = Release;
		};
/* End XCBuildConfiguration section */

/* Begin XCConfigurationList section */
		B857DEF32AB8701C00DC7A98 /* Build configuration list for PBXProject "gpsEstudos" */ = {
			isa = XCConfigurationList;
			buildConfigurations = (
				B857DF202AB8701E00DC7A98 /* Debug */,
				B857DF212AB8701E00DC7A98 /* Release */,
			);
			defaultConfigurationIsVisible = 0;
			defaultConfigurationName = Release;
		};
		B857DF222AB8701E00DC7A98 /* Build configuration list for PBXNativeTarget "gpsEstudos" */ = {
			isa = XCConfigurationList;
			buildConfigurations = (
				B857DF232AB8701E00DC7A98 /* Debug */,
				B857DF242AB8701E00DC7A98 /* Release */,
			);
			defaultConfigurationIsVisible = 0;
			defaultConfigurationName = Release;
		};
		B857DF252AB8701E00DC7A98 /* Build configuration list for PBXNativeTarget "gpsEstudosTests" */ = {
			isa = XCConfigurationList;
			buildConfigurations = (
				B857DF262AB8701E00DC7A98 /* Debug */,
				B857DF272AB8701E00DC7A98 /* Release */,
			);
			defaultConfigurationIsVisible = 0;
			defaultConfigurationName = Release;
		};
		B857DF282AB8701E00DC7A98 /* Build configuration list for PBXNativeTarget "gpsEstudosUITests" */ = {
			isa = XCConfigurationList;
			buildConfigurations = (
				B857DF292AB8701E00DC7A98 /* Debug */,
				B857DF2A2AB8701E00DC7A98 /* Release */,
			);
			defaultConfigurationIsVisible = 0;
			defaultConfigurationName = Release;
		};
/* End XCConfigurationList section */
	};
	rootObject = B857DEF02AB8701C00DC7A98 /* Project object */;
}
